
Microsoft Visual Studio Solution File, Format Version 10.00
# Visual Studio 2008
Project("{8BC9CEB8-8B4A-11D0-8D11-00A0C91BC942}") = "gen_jkit", "src\gen_jkit\gen_jkit.vcproj", "{5AC98C76-19DC-41E2-8FE8-85902DBDFC10}"
EndProject
Global
	GlobalSection(SolutionConfigurationPlatforms) = preSolution
		Debug|Win32 = Debug|Win32
		Release|Win32 = Release|Win32
	EndGlobalSection
	GlobalSection(ProjectConfigurationPlatforms) = postSolution
		{5AC98C76-19DC-41E2-8FE8-85902DBDFC10}.Debug|Win32.ActiveCfg = Debug|Win32
		{5AC98C76-19DC-41E2-8FE8-85902DBDFC10}.Debug|Win32.Build.0 = Debug|Win32
		{5AC98C76-19DC-41E2-8FE8-85902DBDFC10}.Release|Win32.ActiveCfg = Release|Win32
		{5AC98C76-19DC-41E2-8FE8-85902DBDFC10}.Release|Win32.Build.0 = Release|Win32
	EndGlobalSection
	GlobalSection(SolutionProperties) = preSolution
		HideSolutionNode = FALSE
	EndGlobalSection
EndGlobal
